
Microsoft Visual Studio Solution File, Format Version 12.00
# Visual Studio Version 16
VisualStudioVersion = 16.0.30225.117
MinimumVisualStudioVersion = 10.0.40219.1
Project("{FAE04EC0-301F-11D3-BF4B-00C04F79EFBC}") = "SweepPdfArea", "SweepPdfArea.csproj", "{7F096186-3072-41B1-8F15-F73AF89D5009}"
EndProject
Global
	GlobalSection(SolutionConfigurationPlatforms) = preSolution
		Debug|Any CPU = Debug|Any CPU
		Release|Any CPU = Release|Any CPU
	EndGlobalSection
	GlobalSection(ProjectConfigurationPlatforms) = postSolution
		{7F096186-3072-41B1-8F15-F73AF89D5009}.Debug|Any CPU.ActiveCfg = Debug|Any CPU
		{7F096186-3072-41B1-8F15-F73AF89D5009}.Debug|Any CPU.Build.0 = Debug|Any CPU
		{7F096186-3072-41B1-8F15-F73AF89D5009}.Release|Any CPU.ActiveCfg = Release|Any CPU
		{7F096186-3072-41B1-8F15-F73AF89D5009}.Release|Any CPU.Build.0 = Release|Any CPU
	EndGlobalSection
	GlobalSection(SolutionProperties) = preSolution
		HideSolutionNode = FALSE
	EndGlobalSection
	GlobalSection(ExtensibilityGlobals) = postSolution
		SolutionGuid = {C77C6522-A8B3-4329-A383-6E15A37816AC}
	EndGlobalSection
EndGlobal
